Microsoft Visual Studio Solution File, Format Version 12.00
# Visual Studio Version 17
VisualStudioVersion = 17.5.2.0
MinimumVisualStudioVersion = 10.0.40219.1
Project("{FAE04EC0-301F-11D3-BF4B-00C04F79EFBC}") = "journey-service", "journey-service.csproj", "{AAB89D47-FAB4-CBA4-CBA0-9A1DAC2019DF}"
EndProject
Global
	GlobalSection(SolutionConfigurationPlatforms) = preSolution
		Debug|Any CPU = Debug|Any CPU
		Release|Any CPU = Release|Any CPU
	EndGlobalSection
	GlobalSection(ProjectConfigurationPlatforms) = postSolution
		{AAB89D47-FAB4-CBA4-CBA0-9A1DAC2019DF}.Debug|Any CPU.ActiveCfg = Debug|Any CPU
		{AAB89D47-FAB4-CBA4-CBA0-9A1DAC2019DF}.Debug|Any CPU.Build.0 = Debug|Any CPU
		{AAB89D47-FAB4-CBA4-CBA0-9A1DAC2019DF}.Release|Any CPU.ActiveCfg = Release|Any CPU
		{AAB89D47-FAB4-CBA4-CBA0-9A1DAC2019DF}.Release|Any CPU.Build.0 = Release|Any CPU
	EndGlobalSection
	GlobalSection(SolutionProperties) = preSolution
		HideSolutionNode = FALSE
	EndGlobalSection
	GlobalSection(ExtensibilityGlobals) = postSolution
		SolutionGuid = {E2564254-F383-4729-9D2E-C42EC7062B4C}
	EndGlobalSection
EndGlobal
